
Microsoft Visual Studio Solution File, Format Version 12.00
# Visual Studio 2012
Project("{FAE04EC0-301F-11D3-BF4B-00C04F79EFBC}") = "GoTrans.Server", "GoTrans.Server\GoTrans.Server.csproj", "{590EA4B1-6DA4-49B2-8063-260AB375A033}"
EndProject
Project("{FAE04EC0-301F-11D3-BF4B-00C04F79EFBC}") = "SignalRClientSample", "SignalRClientSample\SignalRClientSample.csproj", "{2C176150-BB17-4823-B7E8-A86448FE8399}"
EndProject
Global
	GlobalSection(SolutionConfigurationPlatforms) = preSolution
		Debug|Any CPU = Debug|Any CPU
		Release|Any CPU = Release|Any CPU
	EndGlobalSection
	GlobalSection(ProjectConfigurationPlatforms) = postSolution
		{590EA4B1-6DA4-49B2-8063-260AB375A033}.Debug|Any CPU.ActiveCfg = Debug|Any CPU
		{590EA4B1-6DA4-49B2-8063-260AB375A033}.Debug|Any CPU.Build.0 = Debug|Any CPU
		{590EA4B1-6DA4-49B2-8063-260AB375A033}.Release|Any CPU.ActiveCfg = Release|Any CPU
		{590EA4B1-6DA4-49B2-8063-260AB375A033}.Release|Any CPU.Build.0 = Release|Any CPU
		{2C176150-BB17-4823-B7E8-A86448FE8399}.Debug|Any CPU.ActiveCfg = Debug|Any CPU
		{2C176150-BB17-4823-B7E8-A86448FE8399}.Debug|Any CPU.Build.0 = Debug|Any CPU
		{2C176150-BB17-4823-B7E8-A86448FE8399}.Release|Any CPU.ActiveCfg = Release|Any CPU
		{2C176150-BB17-4823-B7E8-A86448FE8399}.Release|Any CPU.Build.0 = Release|Any CPU
	EndGlobalSection
	GlobalSection(SolutionProperties) = preSolution
		HideSolutionNode = FALSE
	EndGlobalSection
EndGlobal
